
Microsoft Visual Studio Solution File, Format Version 12.00
# Visual Studio Version 16
VisualStudioVersion = 25.0.1706.3
MinimumVisualStudioVersion = 10.0.40219.1
Project("{FAE04EC0-301F-11D3-BF4B-00C04F79EFBC}") = "HRL-Laboratories", "HRL-Laboratories\HRL-Laboratories.csproj", "{9A8CFC46-ECA6-44EC-898F-7CE7B0035512}"
EndProject
Global
	GlobalSection(SolutionConfigurationPlatforms) = preSolution
		Debug|Any CPU = Debug|Any CPU
		Release|Any CPU = Release|Any CPU
	EndGlobalSection
	GlobalSection(ProjectConfigurationPlatforms) = postSolution
		{9A8CFC46-ECA6-44EC-898F-7CE7B0035512}.Debug|Any CPU.ActiveCfg = Debug|Any CPU
		{9A8CFC46-ECA6-44EC-898F-7CE7B0035512}.Debug|Any CPU.Build.0 = Debug|Any CPU
		{9A8CFC46-ECA6-44EC-898F-7CE7B0035512}.Release|Any CPU.ActiveCfg = Release|Any CPU
		{9A8CFC46-ECA6-44EC-898F-7CE7B0035512}.Release|Any CPU.Build.0 = Release|Any CPU
	EndGlobalSection
	GlobalSection(SolutionProperties) = preSolution
		HideSolutionNode = FALSE
	EndGlobalSection
	GlobalSection(ExtensibilityGlobals) = postSolution
		SolutionGuid = {3D3FEA80-FB13-4BD9-AE1D-8D4BADFF8DED}
	EndGlobalSection
EndGlobal
